<?xml version="1.0" encoding="utf-8"?>
<Project ToolsVersion="4.0" xmlns="http://schemas.microsoft.com/developer/msbuild/2003">
  <ItemGroup>
    <Filter Include="源文件">
      <UniqueIdentifier>{4FC737F1-C7A5-4376-A066-2A32D752A2FF}</UniqueIdentifier>
      <Extensions>cpp;c;cc;cxx;def;odl;idl;hpj;bat;asm;asmx</Extensions>
    </Filter>
    <Filter Include="源文件\main">
      <UniqueIdentifier>{cedb7484-ba9e-4e93-b2cd-559acfc23f42}</UniqueIdentifier>
    </Filter>
    <Filter Include="源文件\utils">
      <UniqueIdentifier>{432c8603-8f74-4965-9142-4d55e7732515}</UniqueIdentifier>
    </Filter>
    <Filter Include="源文件\sys">
      <UniqueIdentifier>{efe7a00f-0ccc-43a6-ac47-6d53f14cc753}</UniqueIdentifier>
    </Filter>
    <Filter Include="源文件\algorithm">
      <UniqueIdentifier>{6baf19fb-89a9-4a53-9ef4-b7129d9372a8}</UniqueIdentifier>
    </Filter>
    <Filter Include="头文件">
      <UniqueIdentifier>{93995380-89BD-4b04-88EB-625FBE52EBFB}</UniqueIdentifier>
      <Extensions>h;hpp;hxx;hm;inl;inc;xsd</Extensions>
    </Filter>
    <Filter Include="头文件\utils">
      <UniqueIdentifier>{b2aca7e9-4240-4562-85de-cb72d289615f}</UniqueIdentifier>
    </Filter>
    <Filter Include="头文件\java">
      <UniqueIdentifier>{6df1a126-5dc4-4ac2-bff5-c39562c780aa}</UniqueIdentifier>
    </Filter>
    <Filter Include="头文件\sys">
      <UniqueIdentifier>{4e7766d2-3381-4201-9500-532bf40c669e}</UniqueIdentifier>
    </Filter>
    <Filter Include="头文件\main">
      <UniqueIdentifier>{a70ff489-7ec8-4b7f-b202-a2d4d2d0756e}</UniqueIdentifier>
    </Filter>
    <Filter Include="头文件\algorithm">
      <UniqueIdentifier>{97331f32-f7cb-400c-ba3f-be508b8eab39}</UniqueIdentifier>
    </Filter>
    <Filter Include="资源文件">
      <UniqueIdentifier>{67DA6AB6-F800-4c08-8B7A-83BB121AAD01}</UniqueIdentifier>
      <Extensions>rc;ico;cur;bmp;dlg;rc2;rct;bin;rgs;gif;jpg;jpeg;jpe;resx;tiff;tif;png;wav</Extensions>
    </Filter>
    <Filter Include="编译脚本">
      <UniqueIdentifier>{3c3fdaa7-c0d4-44ab-94e6-cd762550c29c}</UniqueIdentifier>
    </Filter>
  </ItemGroup>
  <ItemGroup>
    <ClCompile Include="dllmain.cpp">
      <Filter>源文件\main</Filter>
    </ClCompile>
    <ClCompile Include="dt_otp.cpp">
      <Filter>源文件\main</Filter>
    </ClCompile>
    <ClCompile Include="otp_impl.cpp">
      <Filter>源文件\main</Filter>
    </ClCompile>
    <ClCompile Include="crypto_utils.cpp">
      <Filter>源文件\utils</Filter>
    </ClCompile>
    <ClCompile Include="jni_utils.cpp">
      <Filter>源文件\utils</Filter>
    </ClCompile>
    <ClCompile Include="num_utils.cpp">
      <Filter>源文件\utils</Filter>
    </ClCompile>
    <ClCompile Include="str_utils.cpp">
      <Filter>源文件\utils</Filter>
    </ClCompile>
    <ClCompile Include="time_utils.cpp">
      <Filter>源文件\utils</Filter>
    </ClCompile>
    <ClCompile Include="stdafx.cpp">
      <Filter>源文件\sys</Filter>
    </ClCompile>
    <ClCompile Include="digital_watermark.cpp">
      <Filter>源文件\algorithm</Filter>
    </ClCompile>
    <ClCompile Include="md5.cpp">
      <Filter>源文件\algorithm</Filter>
    </ClCompile>
  </ItemGroup>
  <ItemGroup>
    <ClInclude Include="crypto_utils.h">
      <Filter>头文件\utils</Filter>
    </ClInclude>
    <ClInclude Include="jni_utils.h">
      <Filter>头文件\utils</Filter>
    </ClInclude>
    <ClInclude Include="num_utils.h">
      <Filter>头文件\utils</Filter>
    </ClInclude>
    <ClInclude Include="str_utils.h">
      <Filter>头文件\utils</Filter>
    </ClInclude>
    <ClInclude Include="time_utils.h">
      <Filter>头文件\utils</Filter>
    </ClInclude>
    <ClInclude Include="jni.h">
      <Filter>头文件\java</Filter>
    </ClInclude>
    <ClInclude Include="jni_md.h">
      <Filter>头文件\java</Filter>
    </ClInclude>
    <ClInclude Include="stdafx.h">
      <Filter>头文件\sys</Filter>
    </ClInclude>
    <ClInclude Include="targetver.h">
      <Filter>头文件\sys</Filter>
    </ClInclude>
    <ClInclude Include="dt_otp.h">
      <Filter>头文件\main</Filter>
    </ClInclude>
    <ClInclude Include="otp_impl.h">
      <Filter>头文件\main</Filter>
    </ClInclude>
    <ClInclude Include="digital_watermark.h">
      <Filter>头文件\algorithm</Filter>
    </ClInclude>
    <ClInclude Include="md5.h">
      <Filter>头文件\algorithm</Filter>
    </ClInclude>
    <ClInclude Include="exp_token_otp__OTP_CAPI.h">
      <Filter>头文件\java</Filter>
    </ClInclude>
  </ItemGroup>
  <ItemGroup>
    <None Include="make.sh">
      <Filter>编译脚本</Filter>
    </None>
    <None Include="makefile_x64">
      <Filter>编译脚本</Filter>
    </None>
    <None Include="makefile_x86">
      <Filter>编译脚本</Filter>
    </None>
    <None Include="ReadMe.txt" />
  </ItemGroup>
</Project>