
Microsoft Visual Studio Solution File, Format Version 11.00
# Visual Studio 2010
Project("{8BC9CEB8-8B4A-11D0-8D11-00A0C91BC942}") = "TCPL-6-17-2", "TCPL-6-17-2\TCPL-6-17-2.vcxproj", "{8D032662-1F79-44A5-AB56-566F86EE4B83}"
EndProject
Global
	GlobalSection(SolutionConfigurationPlatforms) = preSolution
		Debug|Win32 = Debug|Win32
		Release|Win32 = Release|Win32
	EndGlobalSection
	GlobalSection(ProjectConfigurationPlatforms) = postSolution
		{8D032662-1F79-44A5-AB56-566F86EE4B83}.Debug|Win32.ActiveCfg = Debug|Win32
		{8D032662-1F79-44A5-AB56-566F86EE4B83}.Debug|Win32.Build.0 = Debug|Win32
		{8D032662-1F79-44A5-AB56-566F86EE4B83}.Release|Win32.ActiveCfg = Release|Win32
		{8D032662-1F79-44A5-AB56-566F86EE4B83}.Release|Win32.Build.0 = Release|Win32
	EndGlobalSection
	GlobalSection(SolutionProperties) = preSolution
		HideSolutionNode = FALSE
	EndGlobalSection
EndGlobal
