
Microsoft Visual Studio Solution File, Format Version 11.00
# Visual Studio 2010
Project("{8BC9CEB8-8B4A-11D0-8D11-00A0C91BC942}") = "POJ1000-a+b", "POJ1000-a+b\POJ1000-a+b.vcxproj", "{96B9660B-3DEA-41FE-8613-1A0A2F86B4A5}"
EndProject
Global
	GlobalSection(SolutionConfigurationPlatforms) = preSolution
		Debug|Win32 = Debug|Win32
		Release|Win32 = Release|Win32
	EndGlobalSection
	GlobalSection(ProjectConfigurationPlatforms) = postSolution
		{96B9660B-3DEA-41FE-8613-1A0A2F86B4A5}.Debug|Win32.ActiveCfg = Debug|Win32
		{96B9660B-3DEA-41FE-8613-1A0A2F86B4A5}.Debug|Win32.Build.0 = Debug|Win32
		{96B9660B-3DEA-41FE-8613-1A0A2F86B4A5}.Release|Win32.ActiveCfg = Release|Win32
		{96B9660B-3DEA-41FE-8613-1A0A2F86B4A5}.Release|Win32.Build.0 = Release|Win32
	EndGlobalSection
	GlobalSection(SolutionProperties) = preSolution
		HideSolutionNode = FALSE
	EndGlobalSection
EndGlobal
