
Microsoft Visual Studio Solution File, Format Version 11.00
# Visual Studio 2010
Project("{8BC9CEB8-8B4A-11D0-8D11-00A0C91BC942}") = "exp-libs", "exp-libs\exp-libs.vcxproj", "{0C28CBEF-B6DC-4794-BED3-C9A33E38E890}"
EndProject
Project("{8BC9CEB8-8B4A-11D0-8D11-00A0C91BC942}") = "exp-libs-test", "exp-libs-test\exp-libs-test.vcxproj", "{B420A5A9-BE04-405F-A33D-7E6D68F48645}"
	ProjectSection(ProjectDependencies) = postProject
		{0C28CBEF-B6DC-4794-BED3-C9A33E38E890} = {0C28CBEF-B6DC-4794-BED3-C9A33E38E890}
	EndProjectSection
EndProject
Global
	GlobalSection(SolutionConfigurationPlatforms) = preSolution
		Debug|Win32 = Debug|Win32
		Debug|x64 = Debug|x64
		Release|Win32 = Release|Win32
		Release|x64 = Release|x64
	EndGlobalSection
	GlobalSection(ProjectConfigurationPlatforms) = postSolution
		{0C28CBEF-B6DC-4794-BED3-C9A33E38E890}.Debug|Win32.ActiveCfg = Debug|x64
		{0C28CBEF-B6DC-4794-BED3-C9A33E38E890}.Debug|Win32.Build.0 = Debug|x64
		{0C28CBEF-B6DC-4794-BED3-C9A33E38E890}.Debug|x64.ActiveCfg = Debug|x64
		{0C28CBEF-B6DC-4794-BED3-C9A33E38E890}.Debug|x64.Build.0 = Debug|x64
		{0C28CBEF-B6DC-4794-BED3-C9A33E38E890}.Release|Win32.ActiveCfg = Release|Win32
		{0C28CBEF-B6DC-4794-BED3-C9A33E38E890}.Release|Win32.Build.0 = Release|Win32
		{0C28CBEF-B6DC-4794-BED3-C9A33E38E890}.Release|x64.ActiveCfg = Release|x64
		{0C28CBEF-B6DC-4794-BED3-C9A33E38E890}.Release|x64.Build.0 = Release|x64
		{B420A5A9-BE04-405F-A33D-7E6D68F48645}.Debug|Win32.ActiveCfg = Debug|x64
		{B420A5A9-BE04-405F-A33D-7E6D68F48645}.Debug|Win32.Build.0 = Debug|x64
		{B420A5A9-BE04-405F-A33D-7E6D68F48645}.Debug|x64.ActiveCfg = Debug|x64
		{B420A5A9-BE04-405F-A33D-7E6D68F48645}.Debug|x64.Build.0 = Debug|x64
		{B420A5A9-BE04-405F-A33D-7E6D68F48645}.Release|Win32.ActiveCfg = Release|Win32
		{B420A5A9-BE04-405F-A33D-7E6D68F48645}.Release|Win32.Build.0 = Release|Win32
		{B420A5A9-BE04-405F-A33D-7E6D68F48645}.Release|x64.ActiveCfg = Release|x64
		{B420A5A9-BE04-405F-A33D-7E6D68F48645}.Release|x64.Build.0 = Release|x64
	EndGlobalSection
	GlobalSection(SolutionProperties) = preSolution
		HideSolutionNode = FALSE
	EndGlobalSection
EndGlobal
