
Microsoft Visual Studio Solution File, Format Version 11.00
# Visual Studio 2010
Project("{8BC9CEB8-8B4A-11D0-8D11-00A0C91BC942}") = "TCPL-7-3", "TCPL-7-3\TCPL-7-3.vcxproj", "{8A2D8F87-67C9-4D53-A093-C9AB717DD592}"
EndProject
Global
	GlobalSection(SolutionConfigurationPlatforms) = preSolution
		Debug|Win32 = Debug|Win32
		Release|Win32 = Release|Win32
	EndGlobalSection
	GlobalSection(ProjectConfigurationPlatforms) = postSolution
		{8A2D8F87-67C9-4D53-A093-C9AB717DD592}.Debug|Win32.ActiveCfg = Debug|Win32
		{8A2D8F87-67C9-4D53-A093-C9AB717DD592}.Debug|Win32.Build.0 = Debug|Win32
		{8A2D8F87-67C9-4D53-A093-C9AB717DD592}.Release|Win32.ActiveCfg = Release|Win32
		{8A2D8F87-67C9-4D53-A093-C9AB717DD592}.Release|Win32.Build.0 = Release|Win32
	EndGlobalSection
	GlobalSection(SolutionProperties) = preSolution
		HideSolutionNode = FALSE
	EndGlobalSection
EndGlobal
